
Microsoft Visual Studio Solution File, Format Version 12.00
# Visual Studio Version 16
VisualStudioVersion = 16.0.29201.188
MinimumVisualStudioVersion = 10.0.40219.1
Project("{2150E333-8FDC-42A3-9474-1A3956D46DE8}") = "build", "build", "{D9F8E700-2E51-4D93-A835-75136AA704F5}"
	ProjectSection(SolutionItems) = preProject
		.semver = .semver
		DEPLOYMENT.md = DEPLOYMENT.md
		MONITORING.md = MONITORING.md
		pipespec.yml = pipespec.yml
		README.md = README.md
		RUNBOOK.md = RUNBOOK.md
	EndProjectSection
EndProject
Project("{2150E333-8FDC-42A3-9474-1A3956D46DE8}") = "src", "src", "{6C49FBD1-C29D-4582-A2AE-C43E0ECF9915}"
EndProject
Project("{2150E333-8FDC-42A3-9474-1A3956D46DE8}") = "test", "test", "{F655C1AB-0608-4ABB-9AC6-F0897CF1F9B7}"
EndProject
Project("{9A19103F-16F7-4668-BE54-9A1E7A4F7556}") = "Host.UnitTests", "test\unit\Host.UnitTests\Host.UnitTests.csproj", "{0574F4C8-B735-41AA-B574-57476E146F55}"
EndProject
Project("{2150E333-8FDC-42A3-9474-1A3956D46DE8}") = "unit", "unit", "{516B46D2-8D80-48C1-90ED-5A6A265B69F5}"
EndProject
Project("{2150E333-8FDC-42A3-9474-1A3956D46DE8}") = "acceptance", "acceptance", "{6C8448D0-1009-49BB-A8DC-6A75B7307DCD}"
EndProject
Project("{9A19103F-16F7-4668-BE54-9A1E7A4F7556}") = "Host", "src\Host\Host.csproj", "{3E67F7DA-F6E2-48B9-95D4-C213B74004C1}"
EndProject
Project("{9A19103F-16F7-4668-BE54-9A1E7A4F7556}") = "Host.Tests.EndToEnd.Acceptance", "test\acceptance\Host.Tests.EndToEnd.Acceptance\Host.Tests.EndToEnd.Acceptance.csproj", "{B9E10284-8590-453D-A4D5-5652079FC3F1}"
EndProject
Project("{9A19103F-16F7-4668-BE54-9A1E7A4F7556}") = "Host.Tests.InMemory.Acceptance", "test\acceptance\Host.Tests.InMemory.Acceptance\Host.Tests.InMemory.Acceptance.csproj", "{103C0A38-FB6E-4647-B0C4-0DCEA273994D}"
EndProject
Project("{9A19103F-16F7-4668-BE54-9A1E7A4F7556}") = "Acceptance.Helpers", "test\acceptance\Acceptance.Helpers\Acceptance.Helpers.csproj", "{A0814865-2BF5-4C59-A2BD-FC28B514B051}"
EndProject
Project("{9A19103F-16F7-4668-BE54-9A1E7A4F7556}") = "ExternalServices", "src\ExternalServices\ExternalServices.csproj", "{75E2FED2-9661-417B-9DA1-93000F51A815}"
EndProject
Project("{9A19103F-16F7-4668-BE54-9A1E7A4F7556}") = "Service", "src\Service\Service.csproj", "{F4FE79C9-78DC-47FB-B885-B3FF1337A0D6}"
EndProject
Project("{9A19103F-16F7-4668-BE54-9A1E7A4F7556}") = "Model", "src\Model\Model.csproj", "{3E3F9B79-04E6-4811-A3C8-2BD3AFF0F78C}"
EndProject
Project("{9A19103F-16F7-4668-BE54-9A1E7A4F7556}") = "Contract", "src\Contract\Contract.csproj", "{96379853-DFD8-4AC9-A63D-8A8C3FD3C678}"
EndProject
Project("{9A19103F-16F7-4668-BE54-9A1E7A4F7556}") = "Common", "src\Common\Common.csproj", "{C94CBF8B-CACD-4C38-9338-EC895C5B8BDE}"
EndProject
Project("{9A19103F-16F7-4668-BE54-9A1E7A4F7556}") = "ExternalServices.UnitTests", "test\unit\ExternalServices.UnitTests\ExternalServices.UnitTests.csproj", "{3A5A7F7F-D194-49FB-B285-50B727D0AC6C}"
EndProject
Project("{FAE04EC0-301F-11D3-BF4B-00C04F79EFBC}") = "Service.UnitTests", "test\unit\Service.UnitTests\Service.UnitTests.csproj", "{AFAC081A-6B80-4A59-B7EC-87315DDF9AD7}"
EndProject
Project("{FAE04EC0-301F-11D3-BF4B-00C04F79EFBC}") = "Common.UnitTests", "test\unit\Common.UnitTests\Common.UnitTests.csproj", "{869F2021-61CC-44D2-A6E4-6D2357D6738A}"
EndProject
Global
	GlobalSection(SolutionConfigurationPlatforms) = preSolution
		Debug|Any CPU = Debug|Any CPU
		Release|Any CPU = Release|Any CPU
	EndGlobalSection
	GlobalSection(ProjectConfigurationPlatforms) = postSolution
		{0574F4C8-B735-41AA-B574-57476E146F55}.Debug|Any CPU.ActiveCfg = Debug|Any CPU
		{0574F4C8-B735-41AA-B574-57476E146F55}.Debug|Any CPU.Build.0 = Debug|Any CPU
		{0574F4C8-B735-41AA-B574-57476E146F55}.Release|Any CPU.ActiveCfg = Release|Any CPU
		{0574F4C8-B735-41AA-B574-57476E146F55}.Release|Any CPU.Build.0 = Release|Any CPU
		{3E67F7DA-F6E2-48B9-95D4-C213B74004C1}.Debug|Any CPU.ActiveCfg = Debug|Any CPU
		{3E67F7DA-F6E2-48B9-95D4-C213B74004C1}.Debug|Any CPU.Build.0 = Debug|Any CPU
		{3E67F7DA-F6E2-48B9-95D4-C213B74004C1}.Release|Any CPU.ActiveCfg = Release|Any CPU
		{3E67F7DA-F6E2-48B9-95D4-C213B74004C1}.Release|Any CPU.Build.0 = Release|Any CPU
		{B9E10284-8590-453D-A4D5-5652079FC3F1}.Debug|Any CPU.ActiveCfg = Debug|Any CPU
		{B9E10284-8590-453D-A4D5-5652079FC3F1}.Debug|Any CPU.Build.0 = Debug|Any CPU
		{B9E10284-8590-453D-A4D5-5652079FC3F1}.Release|Any CPU.ActiveCfg = Release|Any CPU
		{B9E10284-8590-453D-A4D5-5652079FC3F1}.Release|Any CPU.Build.0 = Release|Any CPU
		{103C0A38-FB6E-4647-B0C4-0DCEA273994D}.Debug|Any CPU.ActiveCfg = Debug|Any CPU
		{103C0A38-FB6E-4647-B0C4-0DCEA273994D}.Debug|Any CPU.Build.0 = Debug|Any CPU
		{103C0A38-FB6E-4647-B0C4-0DCEA273994D}.Release|Any CPU.ActiveCfg = Release|Any CPU
		{103C0A38-FB6E-4647-B0C4-0DCEA273994D}.Release|Any CPU.Build.0 = Release|Any CPU
		{A0814865-2BF5-4C59-A2BD-FC28B514B051}.Debug|Any CPU.ActiveCfg = Debug|Any CPU
		{A0814865-2BF5-4C59-A2BD-FC28B514B051}.Debug|Any CPU.Build.0 = Debug|Any CPU
		{A0814865-2BF5-4C59-A2BD-FC28B514B051}.Release|Any CPU.ActiveCfg = Release|Any CPU
		{A0814865-2BF5-4C59-A2BD-FC28B514B051}.Release|Any CPU.Build.0 = Release|Any CPU
		{75E2FED2-9661-417B-9DA1-93000F51A815}.Debug|Any CPU.ActiveCfg = Debug|Any CPU
		{75E2FED2-9661-417B-9DA1-93000F51A815}.Debug|Any CPU.Build.0 = Debug|Any CPU
		{75E2FED2-9661-417B-9DA1-93000F51A815}.Release|Any CPU.ActiveCfg = Release|Any CPU
		{75E2FED2-9661-417B-9DA1-93000F51A815}.Release|Any CPU.Build.0 = Release|Any CPU
		{F4FE79C9-78DC-47FB-B885-B3FF1337A0D6}.Debug|Any CPU.ActiveCfg = Debug|Any CPU
		{F4FE79C9-78DC-47FB-B885-B3FF1337A0D6}.Debug|Any CPU.Build.0 = Debug|Any CPU
		{F4FE79C9-78DC-47FB-B885-B3FF1337A0D6}.Release|Any CPU.ActiveCfg = Release|Any CPU
		{F4FE79C9-78DC-47FB-B885-B3FF1337A0D6}.Release|Any CPU.Build.0 = Release|Any CPU
		{3E3F9B79-04E6-4811-A3C8-2BD3AFF0F78C}.Debug|Any CPU.ActiveCfg = Debug|Any CPU
		{3E3F9B79-04E6-4811-A3C8-2BD3AFF0F78C}.Debug|Any CPU.Build.0 = Debug|Any CPU
		{3E3F9B79-04E6-4811-A3C8-2BD3AFF0F78C}.Release|Any CPU.ActiveCfg = Release|Any CPU
		{3E3F9B79-04E6-4811-A3C8-2BD3AFF0F78C}.Release|Any CPU.Build.0 = Release|Any CPU
		{96379853-DFD8-4AC9-A63D-8A8C3FD3C678}.Debug|Any CPU.ActiveCfg = Debug|Any CPU
		{96379853-DFD8-4AC9-A63D-8A8C3FD3C678}.Debug|Any CPU.Build.0 = Debug|Any CPU
		{96379853-DFD8-4AC9-A63D-8A8C3FD3C678}.Release|Any CPU.ActiveCfg = Release|Any CPU
		{96379853-DFD8-4AC9-A63D-8A8C3FD3C678}.Release|Any CPU.Build.0 = Release|Any CPU
		{C94CBF8B-CACD-4C38-9338-EC895C5B8BDE}.Debug|Any CPU.ActiveCfg = Debug|Any CPU
		{C94CBF8B-CACD-4C38-9338-EC895C5B8BDE}.Debug|Any CPU.Build.0 = Debug|Any CPU
		{C94CBF8B-CACD-4C38-9338-EC895C5B8BDE}.Release|Any CPU.ActiveCfg = Release|Any CPU
		{C94CBF8B-CACD-4C38-9338-EC895C5B8BDE}.Release|Any CPU.Build.0 = Release|Any CPU
		{3A5A7F7F-D194-49FB-B285-50B727D0AC6C}.Debug|Any CPU.ActiveCfg = Debug|Any CPU
		{3A5A7F7F-D194-49FB-B285-50B727D0AC6C}.Debug|Any CPU.Build.0 = Debug|Any CPU
		{3A5A7F7F-D194-49FB-B285-50B727D0AC6C}.Release|Any CPU.ActiveCfg = Release|Any CPU
		{3A5A7F7F-D194-49FB-B285-50B727D0AC6C}.Release|Any CPU.Build.0 = Release|Any CPU
		{AFAC081A-6B80-4A59-B7EC-87315DDF9AD7}.Debug|Any CPU.ActiveCfg = Debug|Any CPU
		{AFAC081A-6B80-4A59-B7EC-87315DDF9AD7}.Debug|Any CPU.Build.0 = Debug|Any CPU
		{AFAC081A-6B80-4A59-B7EC-87315DDF9AD7}.Release|Any CPU.ActiveCfg = Release|Any CPU
		{AFAC081A-6B80-4A59-B7EC-87315DDF9AD7}.Release|Any CPU.Build.0 = Release|Any CPU
		{869F2021-61CC-44D2-A6E4-6D2357D6738A}.Debug|Any CPU.ActiveCfg = Debug|Any CPU
		{869F2021-61CC-44D2-A6E4-6D2357D6738A}.Debug|Any CPU.Build.0 = Debug|Any CPU
		{869F2021-61CC-44D2-A6E4-6D2357D6738A}.Release|Any CPU.ActiveCfg = Release|Any CPU
		{869F2021-61CC-44D2-A6E4-6D2357D6738A}.Release|Any CPU.Build.0 = Release|Any CPU
	EndGlobalSection
	GlobalSection(SolutionProperties) = preSolution
		HideSolutionNode = FALSE
	EndGlobalSection
	GlobalSection(NestedProjects) = preSolution
		{0574F4C8-B735-41AA-B574-57476E146F55} = {516B46D2-8D80-48C1-90ED-5A6A265B69F5}
		{516B46D2-8D80-48C1-90ED-5A6A265B69F5} = {F655C1AB-0608-4ABB-9AC6-F0897CF1F9B7}
		{6C8448D0-1009-49BB-A8DC-6A75B7307DCD} = {F655C1AB-0608-4ABB-9AC6-F0897CF1F9B7}
		{3E67F7DA-F6E2-48B9-95D4-C213B74004C1} = {6C49FBD1-C29D-4582-A2AE-C43E0ECF9915}
		{B9E10284-8590-453D-A4D5-5652079FC3F1} = {6C8448D0-1009-49BB-A8DC-6A75B7307DCD}
		{103C0A38-FB6E-4647-B0C4-0DCEA273994D} = {6C8448D0-1009-49BB-A8DC-6A75B7307DCD}
		{A0814865-2BF5-4C59-A2BD-FC28B514B051} = {6C8448D0-1009-49BB-A8DC-6A75B7307DCD}
		{75E2FED2-9661-417B-9DA1-93000F51A815} = {6C49FBD1-C29D-4582-A2AE-C43E0ECF9915}
		{F4FE79C9-78DC-47FB-B885-B3FF1337A0D6} = {6C49FBD1-C29D-4582-A2AE-C43E0ECF9915}
		{3E3F9B79-04E6-4811-A3C8-2BD3AFF0F78C} = {6C49FBD1-C29D-4582-A2AE-C43E0ECF9915}
		{96379853-DFD8-4AC9-A63D-8A8C3FD3C678} = {6C49FBD1-C29D-4582-A2AE-C43E0ECF9915}
		{C94CBF8B-CACD-4C38-9338-EC895C5B8BDE} = {6C49FBD1-C29D-4582-A2AE-C43E0ECF9915}
		{3A5A7F7F-D194-49FB-B285-50B727D0AC6C} = {516B46D2-8D80-48C1-90ED-5A6A265B69F5}
		{AFAC081A-6B80-4A59-B7EC-87315DDF9AD7} = {516B46D2-8D80-48C1-90ED-5A6A265B69F5}
		{869F2021-61CC-44D2-A6E4-6D2357D6738A} = {516B46D2-8D80-48C1-90ED-5A6A265B69F5}
	EndGlobalSection
	GlobalSection(ExtensibilityGlobals) = postSolution
		SolutionGuid = {0C5F6DED-AFDE-4A4E-8106-EF9E2FAE18E2}
	EndGlobalSection
EndGlobal
